
Microsoft Visual Studio Solution File, Format Version 12.00
# Visual Studio Version 17
VisualStudioVersion = 17.10.35013.160
MinimumVisualStudioVersion = 10.0.40219.1
Project("{FAE04EC0-301F-11D3-BF4B-00C04F79EFBC}") = "DbOperationwithEfcore", "DbOperationwithEfcore\DbOperationwithEfcore.csproj", "{89B8434A-47A9-4AE6-A0B1-BD1923139240}"
EndProject
Global
	GlobalSection(SolutionConfigurationPlatforms) = preSolution
		Debug|Any CPU = Debug|Any CPU
		Release|Any CPU = Release|Any CPU
	EndGlobalSection
	GlobalSection(ProjectConfigurationPlatforms) = postSolution
		{89B8434A-47A9-4AE6-A0B1-BD1923139240}.Debug|Any CPU.ActiveCfg = Debug|Any CPU
		{89B8434A-47A9-4AE6-A0B1-BD1923139240}.Debug|Any CPU.Build.0 = Debug|Any CPU
		{89B8434A-47A9-4AE6-A0B1-BD1923139240}.Release|Any CPU.ActiveCfg = Release|Any CPU
		{89B8434A-47A9-4AE6-A0B1-BD1923139240}.Release|Any CPU.Build.0 = Release|Any CPU
	EndGlobalSection
	GlobalSection(SolutionProperties) = preSolution
		HideSolutionNode = FALSE
	EndGlobalSection
	GlobalSection(ExtensibilityGlobals) = postSolution
		SolutionGuid = {91D6AB44-3A3D-41E3-8874-45429FFF8F43}
	EndGlobalSection
EndGlobal
